
Microsoft Visual Studio Solution File, Format Version 12.00
# Visual Studio 14
VisualStudioVersion = 14.0.25420.1
MinimumVisualStudioVersion = 10.0.40219.1
Project("{FAE04EC0-301F-11D3-BF4B-00C04F79EFBC}") = "KubernetesVolume.Addon", "src\KubernetesVolume.Addon\KubernetesVolume.Addon.csproj", "{070409CE-7D97-4FDE-8CAD-9F28672552D9}"
EndProject
Project("{2150E333-8FDC-42A3-9474-1A3956D46DE8}") = "Solution Items", "Solution Items", "{4FDD2D9D-06C2-4D23-8ED7-FBF37833CB0E}"
	ProjectSection(SolutionItems) = preProject
		build.cake = build.cake
		build\parameters.cake = build\parameters.cake
	EndProjectSection
EndProject
Project("{FAE04EC0-301F-11D3-BF4B-00C04F79EFBC}") = "KubernetesVolume.Addon.Test", "src\KubernetesVolume.Addon.Test\KubernetesVolume.Addon.Test.csproj", "{008E4510-28E8-44A2-AE5B-BB2AB8EB42B0}"
EndProject
Global
	GlobalSection(SolutionConfigurationPlatforms) = preSolution
		Debug|Any CPU = Debug|Any CPU
		Release|Any CPU = Release|Any CPU
	EndGlobalSection
	GlobalSection(ProjectConfigurationPlatforms) = postSolution
		{070409CE-7D97-4FDE-8CAD-9F28672552D9}.Debug|Any CPU.ActiveCfg = Debug|Any CPU
		{070409CE-7D97-4FDE-8CAD-9F28672552D9}.Debug|Any CPU.Build.0 = Debug|Any CPU
		{070409CE-7D97-4FDE-8CAD-9F28672552D9}.Release|Any CPU.ActiveCfg = Release|Any CPU
		{070409CE-7D97-4FDE-8CAD-9F28672552D9}.Release|Any CPU.Build.0 = Release|Any CPU
		{008E4510-28E8-44A2-AE5B-BB2AB8EB42B0}.Debug|Any CPU.ActiveCfg = Debug|Any CPU
		{008E4510-28E8-44A2-AE5B-BB2AB8EB42B0}.Debug|Any CPU.Build.0 = Debug|Any CPU
		{008E4510-28E8-44A2-AE5B-BB2AB8EB42B0}.Release|Any CPU.ActiveCfg = Release|Any CPU
		{008E4510-28E8-44A2-AE5B-BB2AB8EB42B0}.Release|Any CPU.Build.0 = Release|Any CPU
	EndGlobalSection
	GlobalSection(SolutionProperties) = preSolution
		HideSolutionNode = FALSE
	EndGlobalSection
EndGlobal
